// !$*UTF8*$!
{
	archiveVersion = 1;
	classes = {
	};
	objectVersion = 46;
	objects = {

/* Begin PBXBuildFile section */
		8E11451F1DB6A982005B878C /* AppDelegate.swift in Sources */ = {isa = PBXBuildFile; fileRef = 8E11451E1DB6A982005B878C /* AppDelegate.swift */; };
		8E1145211DB6A982005B878C /* ViewController.swift in Sources */ = {isa = PBXBuildFile; fileRef = 8E1145201DB6A982005B878C /* ViewController.swift */; };
		8E1145241DB6A982005B878C /* Main.storyboard in Resources */ = {isa = PBXBuildFile; fileRef = 8E1145221DB6A982005B878C /* Main.storyboard */; };
		8E1145261DB6A982005B878C /* Assets.xcassets in Resources */ = {isa = PBXBuildFile; fileRef = 8E1145251DB6A982005B878C /* Assets.xcassets */; };
		8E1145291DB6A982005B878C /* LaunchScreen.storyboard in Resources */ = {isa = PBXBuildFile; fileRef = 8E1145271DB6A982005B878C /* LaunchScreen.storyboard */; };
		8E1145341DB6A982005B878C /* TestSeguesTests.swift in Sources */ = {isa = PBXBuildFile; fileRef = 8E1145331DB6A982005B878C /* TestSeguesTests.swift */; };
		8E11453F1DB6A982005B878C /* TestSeguesUITests.swift in Sources */ = {isa = PBXBuildFile; fileRef = 8E11453E1DB6A982005B878C /* TestSeguesUITests.swift */; };
		8E11454F1DB6AA3B005B878C /* DetailViewController.swift in Sources */ = {isa = PBXBuildFile; fileRef = 8E11454E1DB6AA3B005B878C /* DetailViewController.swift */; };
/* End PBXBuildFile section */

/* Begin PBXContainerItemProxy section */
		8E1145301DB6A982005B878C /* PBXContainerItemProxy */ = {
			isa = PBXContainerItemProxy;
			containerPortal = 8E1145131DB6A982005B878C /* Project object */;
			proxyType = 1;
			remoteGlobalIDString = 8E11451A1DB6A982005B878C;
			remoteInfo = TestSegues;
		};
		8E11453B1DB6A982005B878C /* PBXContainerItemProxy */ = {
			isa = PBXContainerItemProxy;
			containerPortal = 8E1145131DB6A982005B878C /* Project object */;
			proxyType = 1;
			remoteGlobalIDString = 8E11451A1DB6A982005B878C;
			remoteInfo = TestSegues;
		};
/* End PBXContainerItemProxy section */

/* Begin PBXFileReference section */
		8E11451B1DB6A982005B878C /* TestSegues.app */ = {isa = PBXFileReference; explicitFileType = wrapper.application; includeInIndex = 0; path = TestSegues.app; sourceTree = BUILT_PRODUCTS_DIR; };
		8E11451E1DB6A982005B878C /* AppDelegate.swift */ = {isa = PBXFileReference; lastKnownFileType = sourcecode.swift; path = AppDelegate.swift; sourceTree = "<group>"; };
		8E1145201DB6A982005B878C /* ViewController.swift */ = {isa = PBXFileReference; lastKnownFileType = sourcecode.swift; path = ViewController.swift; sourceTree = "<group>"; };
		8E1145231DB6A982005B878C /* Base */ = {isa = PBXFileReference; lastKnownFileType = file.storyboard; name = Base; path = Base.lproj/Main.storyboard; sourceTree = "<group>"; };
		8E1145251DB6A982005B878C /* Assets.xcassets */ = {isa = PBXFileReference; lastKnownFileType = folder.assetcatalog; path = Assets.xcassets; sourceTree = "<group>"; };
		8E1145281DB6A982005B878C /* Base */ = {isa = PBXFileReference; lastKnownFileType = file.storyboard; name = Base; path = Base.lproj/LaunchScreen.storyboard; sourceTree = "<group>"; };
		8E11452A1DB6A982005B878C /* Info.plist */ = {isa = PBXFileReference; lastKnownFileType = text.plist.xml; path = Info.plist; sourceTree = "<group>"; };
		8E11452F1DB6A982005B878C /* TestSeguesTests.xctest */ = {isa = PBXFileReference; explicitFileType = wrapper.cfbundle; includeInIndex = 0; path = TestSeguesTests.xctest; sourceTree = BUILT_PRODUCTS_DIR; };
		8E1145331DB6A982005B878C /* TestSeguesTests.swift */ = {isa = PBXFileReference; lastKnownFileType = sourcecode.swift; path = TestSeguesTests.swift; sourceTree = "<group>"; };
		8E1145351DB6A982005B878C /* Info.plist */ = {isa = PBXFileReference; lastKnownFileType = text.plist.xml; path = Info.plist; sourceTree = "<group>"; };
		8E11453A1DB6A982005B878C /* TestSeguesUITests.xctest */ = {isa = PBXFileReference; explicitFileType = wrapper.cfbundle; includeInIndex = 0; path = TestSeguesUITests.xctest; sourceTree = BUILT_PRODUCTS_DIR; };
		8E11453E1DB6A982005B878C /* TestSeguesUITests.swift */ = {isa = PBXFileReference; lastKnownFileType = sourcecode.swift; path = TestSeguesUITests.swift; sourceTree = "<group>"; };
		8E1145401DB6A982005B878C /* Info.plist */ = {isa = PBXFileReference; lastKnownFileType = text.plist.xml; path = Info.plist; sourceTree = "<group>"; };
		8E11454E1DB6AA3B005B878C /* DetailViewController.swift */ = {isa = PBXFileReference; fileEncoding = 4; lastKnownFileType = sourcecode.swift; path = DetailViewController.swift; sourceTree = "<group>"; };
/* End PBXFileReference section */

/* Begin PBXFrameworksBuildPhase section */
		8E1145181DB6A982005B878C /* Frameworks */ = {
			isa = PBXFrameworksBuildPhase;
			buildActionMask = 2147483647;
			files = (
			);
			runOnlyForDeploymentPostprocessing = 0;
		};
		8E11452C1DB6A982005B878C /* Frameworks */ = {
			isa = PBXFrameworksBuildPhase;
			buildActionMask = 2147483647;
			files = (
			);
			runOnlyForDeploymentPostprocessing = 0;
		};
		8E1145371DB6A982005B878C /* Frameworks */ = {
			isa = PBXFrameworksBuildPhase;
			buildActionMask = 2147483647;
			files = (
			);
			runOnlyForDeploymentPostprocessing = 0;
		};
/* End PBXFrameworksBuildPhase section */

/* Begin PBXGroup section */
		8E1145121DB6A982005B878C = {
			isa = PBXGroup;
			children = (
				8E11451D1DB6A982005B878C /* TestSegues */,
				8E1145321DB6A982005B878C /* TestSeguesTests */,
				8E11453D1DB6A982005B878C /* TestSeguesUITests */,
				8E11451C1DB6A982005B878C /* Products */,
			);
			sourceTree = "<group>";
		};
		8E11451C1DB6A982005B878C /* Products */ = {
			isa = PBXGroup;
			children = (
				8E11451B1DB6A982005B878C /* TestSegues.app */,
				8E11452F1DB6A982005B878C /* TestSeguesTests.xctest */,
				8E11453A1DB6A982005B878C /* TestSeguesUITests.xctest */,
			);
			name = Products;
			sourceTree = "<group>";
		};
		8E11451D1DB6A982005B878C /* TestSegues */ = {
			isa = PBXGroup;
			children = (
				8E11451E1DB6A982005B878C /* AppDelegate.swift */,
				8E1145201DB6A982005B878C /* ViewController.swift */,
				8E1145221DB6A982005B878C /* Main.storyboard */,
				8E1145251DB6A982005B878C /* Assets.xcassets */,
				8E1145271DB6A982005B878C /* LaunchScreen.storyboard */,
				8E11452A1DB6A982005B878C /* Info.plist */,
				8E11454E1DB6AA3B005B878C /* DetailViewController.swift */,
			);
			path = TestSegues;
			sourceTree = "<group>";
		};
		8E1145321DB6A982005B878C /* TestSeguesTests */ = {
			isa = PBXGroup;
			children = (
				8E1145331DB6A982005B878C /* TestSeguesTests.swift */,
				8E1145351DB6A982005B878C /* Info.plist */,
			);
			path = TestSeguesTests;
			sourceTree = "<group>";
		};
		8E11453D1DB6A982005B878C /* TestSeguesUITests */ = {
			isa = PBXGroup;
			children = (
				8E11453E1DB6A982005B878C /* TestSeguesUITests.swift */,
				8E1145401DB6A982005B878C /* Info.plist */,
			);
			path = TestSeguesUITests;
			sourceTree = "<group>";
		};
/* End PBXGroup section */

/* Begin PBXNativeTarget section */
		8E11451A1DB6A982005B878C /* TestSegues */ = {
			isa = PBXNativeTarget;
			buildConfigurationList = 8E1145431DB6A982005B878C /* Build configuration list for PBXNativeTarget "TestSegues" */;
			buildPhases = (
				8E1145171DB6A982005B878C /* Sources */,
				8E1145181DB6A982005B878C /* Frameworks */,
				8E1145191DB6A982005B878C /* Resources */,
			);
			buildRules = (
			);
			dependencies = (
			);
			name = TestSegues;
			productName = TestSegues;
			productReference = 8E11451B1DB6A982005B878C /* TestSegues.app */;
			productType = "com.apple.product-type.application";
		};
		8E11452E1DB6A982005B878C /* TestSeguesTests */ = {
			isa = PBXNativeTarget;
			buildConfigurationList = 8E1145461DB6A982005B878C /* Build configuration list for PBXNativeTarget "TestSeguesTests" */;
			buildPhases = (
				8E11452B1DB6A982005B878C /* Sources */,
				8E11452C1DB6A982005B878C /* Frameworks */,
				8E11452D1DB6A982005B878C /* Resources */,
			);
			buildRules = (
			);
			dependencies = (
				8E1145311DB6A982005B878C /* PBXTargetDependency */,
			);
			name = TestSeguesTests;
			productName = TestSeguesTests;
			productReference = 8E11452F1DB6A982005B878C /* TestSeguesTests.xctest */;
			productType = "com.apple.product-type.bundle.unit-test";
		};
		8E1145391DB6A982005B878C /* TestSeguesUITests */ = {
			isa = PBXNativeTarget;
			buildConfigurationList = 8E1145491DB6A982005B878C /* Build configuration list for PBXNativeTarget "TestSeguesUITests" */;
			buildPhases = (
				8E1145361DB6A982005B878C /* Sources */,
				8E1145371DB6A982005B878C /* Frameworks */,
				8E1145381DB6A982005B878C /* Resources */,
			);
			buildRules = (
			);
			dependencies = (
				8E11453C1DB6A982005B878C /* PBXTargetDependency */,
			);
			name = TestSeguesUITests;
			productName = TestSeguesUITests;
			productReference = 8E11453A1DB6A982005B878C /* TestSeguesUITests.xctest */;
			productType = "com.apple.product-type.bundle.ui-testing";
		};
/* End PBXNativeTarget section */

/* Begin PBXProject section */
		8E1145131DB6A982005B878C /* Project object */ = {
			isa = PBXProject;
			attributes = {
				LastSwiftUpdateCheck = 0800;
				LastUpgradeCheck = 0800;
				ORGANIZATIONNAME = jChavez17;
				TargetAttributes = {
					8E11451A1DB6A982005B878C = {
						CreatedOnToolsVersion = 8.0;
						DevelopmentTeam = 8HX4YFMCU4;
						ProvisioningStyle = Automatic;
					};
					8E11452E1DB6A982005B878C = {
						CreatedOnToolsVersion = 8.0;
						ProvisioningStyle = Automatic;
						TestTargetID = 8E11451A1DB6A982005B878C;
					};
					8E1145391DB6A982005B878C = {
						CreatedOnToolsVersion = 8.0;
						ProvisioningStyle = Automatic;
						TestTargetID = 8E11451A1DB6A982005B878C;
					};
				};
			};
			buildConfigurationList = 8E1145161DB6A982005B878C /* Build configuration list for PBXProject "TestSegues" */;
			compatibilityVersion = "Xcode 3.2";
			developmentRegion = English;
			hasScannedForEncodings = 0;
			knownRegions = (
				en,
				Base,
			);
			mainGroup = 8E1145121DB6A982005B878C;
			productRefGroup = 8E11451C1DB6A982005B878C /* Products */;
			projectDirPath = "";
			projectRoot = "";
			targets = (
				8E11451A1DB6A982005B878C /* TestSegues */,
				8E11452E1DB6A982005B878C /* TestSeguesTests */,
				8E1145391DB6A982005B878C /* TestSeguesUITests */,
			);
		};
/* End PBXProject section */

/* Begin PBXResourcesBuildPhase section */
		8E1145191DB6A982005B878C /* Resources */ = {
			isa = PBXResourcesBuildPhase;
			buildActionMask = 2147483647;
			files = (
				8E1145291DB6A982005B878C /* LaunchScreen.storyboard in Resources */,
				8E1145261DB6A982005B878C /* Assets.xcassets in Resources */,
				8E1145241DB6A982005B878C /* Main.storyboard in Resources */,
			);
			runOnlyForDeploymentPostprocessing = 0;
		};
		8E11452D1DB6A982005B878C /* Resources */ = {
			isa = PBXResourcesBuildPhase;
			buildActionMask = 2147483647;
			files = (
			);
			runOnlyForDeploymentPostprocessing = 0;
		};
		8E1145381DB6A982005B878C /* Resources */ = {
			isa = PBXResourcesBuildPhase;
			buildActionMask = 2147483647;
			files = (
			);
			runOnlyForDeploymentPostprocessing = 0;
		};
/* End PBXResourcesBuildPhase section */

/* Begin PBXSourcesBuildPhase section */
		8E1145171DB6A982005B878C /* Sources */ = {
			isa = PBXSourcesBuildPhase;
			buildActionMask = 2147483647;
			files = (
				8E11454F1DB6AA3B005B878C /* DetailViewController.swift in Sources */,
				8E1145211DB6A982005B878C /* ViewController.swift in Sources */,
				8E11451F1DB6A982005B878C /* AppDelegate.swift in Sources */,
			);
			runOnlyForDeploymentPostprocessing = 0;
		};
		8E11452B1DB6A982005B878C /* Sources */ = {
			isa = PBXSourcesBuildPhase;
			buildActionMask = 2147483647;
			files = (
				8E1145341DB6A982005B878C /* TestSeguesTests.swift in Sources */,
			);
			runOnlyForDeploymentPostprocessing = 0;
		};
		8E1145361DB6A982005B878C /* Sources */ = {
			isa = PBXSourcesBuildPhase;
			buildActionMask = 2147483647;
			files = (
				8E11453F1DB6A982005B878C /* TestSeguesUITests.swift in Sources */,
			);
			runOnlyForDeploymentPostprocessing = 0;
		};
/* End PBXSourcesBuildPhase section */

/* Begin PBXTargetDependency section */
		8E1145311DB6A982005B878C /* PBXTargetDependency */ = {
			isa = PBXTargetDependency;
			target = 8E11451A1DB6A982005B878C /* TestSegues */;
			targetProxy = 8E1145301DB6A982005B878C /* PBXContainerItemProxy */;
		};
		8E11453C1DB6A982005B878C /* PBXTargetDependency */ = {
			isa = PBXTargetDependency;
			target = 8E11451A1DB6A982005B878C /* TestSegues */;
			targetProxy = 8E11453B1DB6A982005B878C /* PBXContainerItemProxy */;
		};
/* End PBXTargetDependency section */

/* Begin PBXVariantGroup section */
		8E1145221DB6A982005B878C /* Main.storyboard */ = {
			isa = PBXVariantGroup;
			children = (
				8E1145231DB6A982005B878C /* Base */,
			);
			name = Main.storyboard;
			sourceTree = "<group>";
		};
		8E1145271DB6A982005B878C /* LaunchScreen.storyboard */ = {
			isa = PBXVariantGroup;
			children = (
				8E1145281DB6A982005B878C /* Base */,
			);
			name = LaunchScreen.storyboard;
			sourceTree = "<group>";
		};
/* End PBXVariantGroup section */

/* Begin XCBuildConfiguration section */
		8E1145411DB6A982005B878C /* Debug */ = {
			isa = XCBuildConfiguration;
			buildSettings = {
				ALWAYS_SEARCH_USER_PATHS = NO;
				CLANG_ANALYZER_NONNULL = YES;
				CLANG_CXX_LANGUAGE_STANDARD = "gnu++0x";
				CLANG_CXX_LIBRARY = "libc++";
				CLANG_ENABLE_MODULES = YES;
				CLANG_ENABLE_OBJC_ARC = YES;
				CLANG_WARN_BOOL_CONVERSION = YES;
				CLANG_WARN_CONSTANT_CONVERSION = YES;
				CLANG_WARN_DIRECT_OBJC_ISA_USAGE = YES_ERROR;
				CLANG_WARN_DOCUMENTATION_COMMENTS = YES;
				CLANG_WARN_EMPTY_BODY = YES;
				CLANG_WARN_ENUM_CONVERSION = YES;
				CLANG_WARN_INFINITE_RECURSION = YES;
				CLANG_WARN_INT_CONVERSION = YES;
				CLANG_WARN_OBJC_ROOT_CLASS = YES_ERROR;
				CLANG_WARN_SUSPICIOUS_MOVES = YES;
				CLANG_WARN_UNREACHABLE_CODE = YES;
				CLANG_WARN__DUPLICATE_METHOD_MATCH = YES;
				"CODE_SIGN_IDENTITY[sdk=iphoneos*]" = "iPhone Developer";
				COPY_PHASE_STRIP = NO;
				DEBUG_INFORMATION_FORMAT = dwarf;
				ENABLE_STRICT_OBJC_MSGSEND = YES;
				ENABLE_TESTABILITY = YES;
				GCC_C_LANGUAGE_STANDARD = gnu99;
				GCC_DYNAMIC_NO_PIC = NO;
				GCC_NO_COMMON_BLOCKS = YES;
				GCC_OPTIMIZATION_LEVEL = 0;
				GCC_PREPROCESSOR_DEFINITIONS = (
					"DEBUG=1",
					"$(inherited)",
				);
				GCC_WARN_64_TO_32_BIT_CONVERSION = YES;
				GCC_WARN_ABOUT_RETURN_TYPE = YES_ERROR;
				GCC_WARN_UNDECLARED_SELECTOR = YES;
				GCC_WARN_UNINITIALIZED_AUTOS = YES_AGGRESSIVE;
				GCC_WARN_UNUSED_FUNCTION = YES;
				GCC_WARN_UNUSED_VARIABLE = YES;
				IPHONEOS_DEPLOYMENT_TARGET = 10.0;
				MTL_ENABLE_DEBUG_INFO = YES;
				ONLY_ACTIVE_ARCH = YES;
				SDKROOT = iphoneos;
				SWIFT_ACTIVE_COMPILATION_CONDITIONS = DEBUG;
				SWIFT_OPTIMIZATION_LEVEL = "-Onone";
			};
			name = Debug;
		};
		8E1145421DB6A982005B878C /* Release */ = {
			isa = XCBuildConfiguration;
			buildSettings = {
				ALWAYS_SEARCH_USER_PATHS = NO;
				CLANG_ANALYZER_NONNULL = YES;
				CLANG_CXX_LANGUAGE_STANDARD = "gnu++0x";
				CLANG_CXX_LIBRARY = "libc++";
				CLANG_ENABLE_MODULES = YES;
				CLANG_ENABLE_OBJC_ARC = YES;
				CLANG_WARN_BOOL_CONVERSION = YES;
				CLANG_WARN_CONSTANT_CONVERSION = YES;
				CLANG_WARN_DIRECT_OBJC_ISA_USAGE = YES_ERROR;
				CLANG_WARN_DOCUMENTATION_COMMENTS = YES;
				CLANG_WARN_EMPTY_BODY = YES;
				CLANG_WARN_ENUM_CONVERSION = YES;
				CLANG_WARN_INFINITE_RECURSION = YES;
				CLANG_WARN_INT_CONVERSION = YES;
				CLANG_WARN_OBJC_ROOT_CLASS = YES_ERROR;
				CLANG_WARN_SUSPICIOUS_MOVES = YES;
				CLANG_WARN_UNREACHABLE_CODE = YES;
				CLANG_WARN__DUPLICATE_METHOD_MATCH = YES;
				"CODE_SIGN_IDENTITY[sdk=iphoneos*]" = "iPhone Developer";
				COPY_PHASE_STRIP = NO;
				DEBUG_INFORMATION_FORMAT = "dwarf-with-dsym";
				ENABLE_NS_ASSERTIONS = NO;
				ENABLE_STRICT_OBJC_MSGSEND = YES;
				GCC_C_LANGUAGE_STANDARD = gnu99;
				GCC_NO_COMMON_BLOCKS = YES;
				GCC_WARN_64_TO_32_BIT_CONVERSION = YES;
				GCC_WARN_ABOUT_RETURN_TYPE = YES_ERROR;
				GCC_WARN_UNDECLARED_SELECTOR = YES;
				GCC_WARN_UNINITIALIZED_AUTOS = YES_AGGRESSIVE;
				GCC_WARN_UNUSED_FUNCTION = YES;
				GCC_WARN_UNUSED_VARIABLE = YES;
				IPHONEOS_DEPLOYMENT_TARGET = 10.0;
				MTL_ENABLE_DEBUG_INFO = NO;
				SDKROOT = iphoneos;
				SWIFT_OPTIMIZATION_LEVEL = "-Owholemodule";
				VALIDATE_PRODUCT = YES;
			};
			name = Release;
		};
		8E1145441DB6A982005B878C /* Debug */ = {
			isa = XCBuildConfiguration;
			buildSettings = {
				ASSETCATALOG_COMPILER_APPICON_NAME = AppIcon;
				DEVELOPMENT_TEAM = 8HX4YFMCU4;
				INFOPLIST_FILE = TestSegues/Info.plist;
				LD_RUNPATH_SEARCH_PATHS = "$(inherited) @executable_path/Frameworks";
				PRODUCT_BUNDLE_IDENTIFIER = Blackbird.TestSegues;
				PRODUCT_NAME = "$(TARGET_NAME)";
				SWIFT_VERSION = 3.0;
			};
			name = Debug;
		};
		8E1145451DB6A982005B878C /* Release */ = {
			isa = XCBuildConfiguration;
			buildSettings = {
				ASSETCATALOG_COMPILER_APPICON_NAME = AppIcon;
				DEVELOPMENT_TEAM = 8HX4YFMCU4;
				INFOPLIST_FILE = TestSegues/Info.plist;
				LD_RUNPATH_SEARCH_PATHS = "$(inherited) @executable_path/Frameworks";
				PRODUCT_BUNDLE_IDENTIFIER = Blackbird.TestSegues;
				PRODUCT_NAME = "$(TARGET_NAME)";
				SWIFT_VERSION = 3.0;
			};
			name = Release;
		};
		8E1145471DB6A982005B878C /* Debug */ = {
			isa = XCBuildConfiguration;
			buildSettings = {
				ALWAYS_EMBED_SWIFT_STANDARD_LIBRARIES = YES;
				BUNDLE_LOADER = "$(TEST_HOST)";
				INFOPLIST_FILE = TestSeguesTests/Info.plist;
				LD_RUNPATH_SEARCH_PATHS = "$(inherited) @executable_path/Frameworks @loader_path/Frameworks";
				PRODUCT_BUNDLE_IDENTIFIER = Blackbird.TestSeguesTests;
				PRODUCT_NAME = "$(TARGET_NAME)";
				SWIFT_VERSION = 3.0;
				TEST_HOST = "$(BUILT_PRODUCTS_DIR)/TestSegues.app/TestSegues";
			};
			name = Debug;
		};
		8E1145481DB6A982005B878C /* Release */ = {
			isa = XCBuildConfiguration;
			buildSettings = {
				ALWAYS_EMBED_SWIFT_STANDARD_LIBRARIES = YES;
				BUNDLE_LOADER = "$(TEST_HOST)";
				INFOPLIST_FILE = TestSeguesTests/Info.plist;
				LD_RUNPATH_SEARCH_PATHS = "$(inherited) @executable_path/Frameworks @loader_path/Frameworks";
				PRODUCT_BUNDLE_IDENTIFIER = Blackbird.TestSeguesTests;
				PRODUCT_NAME = "$(TARGET_NAME)";
				SWIFT_VERSION = 3.0;
				TEST_HOST = "$(BUILT_PRODUCTS_DIR)/TestSegues.app/TestSegues";
			};
			name = Release;
		};
		8E11454A1DB6A982005B878C /* Debug */ = {
			isa = XCBuildConfiguration;
			buildSettings = {
				ALWAYS_EMBED_SWIFT_STANDARD_LIBRARIES = YES;
				INFOPLIST_FILE = TestSeguesUITests/Info.plist;
				LD_RUNPATH_SEARCH_PATHS = "$(inherited) @executable_path/Frameworks @loader_path/Frameworks";
				PRODUCT_BUNDLE_IDENTIFIER = Blackbird.TestSeguesUITests;
				PRODUCT_NAME = "$(TARGET_NAME)";
				SWIFT_VERSION = 3.0;
				TEST_TARGET_NAME = TestSegues;
			};
			name = Debug;
		};
		8E11454B1DB6A982005B878C /* Release */ = {
			isa = XCBuildConfiguration;
			buildSettings = {
				ALWAYS_EMBED_SWIFT_STANDARD_LIBRARIES = YES;
				INFOPLIST_FILE = TestSeguesUITests/Info.plist;
				LD_RUNPATH_SEARCH_PATHS = "$(inherited) @executable_path/Frameworks @loader_path/Frameworks";
				PRODUCT_BUNDLE_IDENTIFIER = Blackbird.TestSeguesUITests;
				PRODUCT_NAME = "$(TARGET_NAME)";
				SWIFT_VERSION = 3.0;
				TEST_TARGET_NAME = TestSegues;
			};
			name = Release;
		};
/* End XCBuildConfiguration section */

/* Begin XCConfigurationList section */
		8E1145161DB6A982005B878C /* Build configuration list for PBXProject "TestSegues" */ = {
			isa = XCConfigurationList;
			buildConfigurations = (
				8E1145411DB6A982005B878C /* Debug */,
				8E1145421DB6A982005B878C /* Release */,
			);
			defaultConfigurationIsVisible = 0;
			defaultConfigurationName = Release;
		};
		8E1145431DB6A982005B878C /* Build configuration list for PBXNativeTarget "TestSegues" */ = {
			isa = XCConfigurationList;
			buildConfigurations = (
				8E1145441DB6A982005B878C /* Debug */,
				8E1145451DB6A982005B878C /* Release */,
			);
			defaultConfigurationIsVisible = 0;
		};
		8E1145461DB6A982005B878C /* Build configuration list for PBXNativeTarget "TestSeguesTests" */ = {
			isa = XCConfigurationList;
			buildConfigurations = (
				8E1145471DB6A982005B878C /* Debug */,
				8E1145481DB6A982005B878C /* Release */,
			);
			defaultConfigurationIsVisible = 0;
		};
		8E1145491DB6A982005B878C /* Build configuration list for PBXNativeTarget "TestSeguesUITests" */ = {
			isa = XCConfigurationList;
			buildConfigurations = (
				8E11454A1DB6A982005B878C /* Debug */,
				8E11454B1DB6A982005B878C /* Release */,
			);
			defaultConfigurationIsVisible = 0;
		};
/* End XCConfigurationList section */
	};
	rootObject = 8E1145131DB6A982005B878C /* Project object */;
}
